
Microsoft Visual Studio Solution File, Format Version 12.00
# Visual Studio Version 16
VisualStudioVersion = 16.0.30907.101
MinimumVisualStudioVersion = 10.0.40219.1
Project("{9A19103F-16F7-4668-BE54-9A1E7A4F7556}") = "UI.Web", "UI.Web\UI.Web.csproj", "{6B6CFA97-DDC0-42FE-BB9D-7DD271304B09}"
EndProject
Project("{9A19103F-16F7-4668-BE54-9A1E7A4F7556}") = "Core", "Core\Core.csproj", "{28AC7E4F-0553-4859-9FD1-0EF54DF056D2}"
EndProject
Project("{00D1A9C2-B5F0-4AF3-8072-F6C62B433612}") = "Database", "Database\Database.sqlproj", "{06DCD936-F079-4979-8062-BE97CA1F1F83}"
EndProject
Project("{FAE04EC0-301F-11D3-BF4B-00C04F79EFBC}") = "Core.Tests", "Core.Tests\Core.Tests.csproj", "{B1E962A5-2C6E-4D8F-B888-B2552DAE4829}"
EndProject
Global
	GlobalSection(SolutionConfigurationPlatforms) = preSolution
		Debug|Any CPU = Debug|Any CPU
		Release|Any CPU = Release|Any CPU
	EndGlobalSection
	GlobalSection(ProjectConfigurationPlatforms) = postSolution
		{6B6CFA97-DDC0-42FE-BB9D-7DD271304B09}.Debug|Any CPU.ActiveCfg = Debug|Any CPU
		{6B6CFA97-DDC0-42FE-BB9D-7DD271304B09}.Debug|Any CPU.Build.0 = Debug|Any CPU
		{6B6CFA97-DDC0-42FE-BB9D-7DD271304B09}.Release|Any CPU.ActiveCfg = Release|Any CPU
		{6B6CFA97-DDC0-42FE-BB9D-7DD271304B09}.Release|Any CPU.Build.0 = Release|Any CPU
		{28AC7E4F-0553-4859-9FD1-0EF54DF056D2}.Debug|Any CPU.ActiveCfg = Debug|Any CPU
		{28AC7E4F-0553-4859-9FD1-0EF54DF056D2}.Debug|Any CPU.Build.0 = Debug|Any CPU
		{28AC7E4F-0553-4859-9FD1-0EF54DF056D2}.Release|Any CPU.ActiveCfg = Release|Any CPU
		{28AC7E4F-0553-4859-9FD1-0EF54DF056D2}.Release|Any CPU.Build.0 = Release|Any CPU
		{06DCD936-F079-4979-8062-BE97CA1F1F83}.Debug|Any CPU.ActiveCfg = Debug|Any CPU
		{06DCD936-F079-4979-8062-BE97CA1F1F83}.Debug|Any CPU.Build.0 = Debug|Any CPU
		{06DCD936-F079-4979-8062-BE97CA1F1F83}.Debug|Any CPU.Deploy.0 = Debug|Any CPU
		{06DCD936-F079-4979-8062-BE97CA1F1F83}.Release|Any CPU.ActiveCfg = Release|Any CPU
		{06DCD936-F079-4979-8062-BE97CA1F1F83}.Release|Any CPU.Build.0 = Release|Any CPU
		{06DCD936-F079-4979-8062-BE97CA1F1F83}.Release|Any CPU.Deploy.0 = Release|Any CPU
		{B1E962A5-2C6E-4D8F-B888-B2552DAE4829}.Debug|Any CPU.ActiveCfg = Debug|Any CPU
		{B1E962A5-2C6E-4D8F-B888-B2552DAE4829}.Debug|Any CPU.Build.0 = Debug|Any CPU
		{B1E962A5-2C6E-4D8F-B888-B2552DAE4829}.Release|Any CPU.ActiveCfg = Release|Any CPU
		{B1E962A5-2C6E-4D8F-B888-B2552DAE4829}.Release|Any CPU.Build.0 = Release|Any CPU
	EndGlobalSection
	GlobalSection(SolutionProperties) = preSolution
		HideSolutionNode = FALSE
	EndGlobalSection
	GlobalSection(ExtensibilityGlobals) = postSolution
		SolutionGuid = {421E47DB-DBEA-49AD-AAF2-FA9681BBC541}
	EndGlobalSection
EndGlobal
